
Microsoft Visual Studio Solution File, Format Version 12.00
# Visual Studio Version 17
VisualStudioVersion = 17.14.36518.9
MinimumVisualStudioVersion = 10.0.40219.1
Project("{2150E333-8FDC-42A3-9474-1A3956D46DE8}") = "Task0", "Task0", "{02EA681E-C7D8-13C7-8484-4AC65E1B71E8}"
EndProject
Project("{FAE04EC0-301F-11D3-BF4B-00C04F79EFBC}") = "Tyuiu.RadchenkoAV.Sprint5.Task0.V2", "Tyuiu.RadchenkoAV.Sprint5.Task0.V2\Tyuiu.RadchenkoAV.Sprint5.Task0.V2.csproj", "{094FF5FC-5928-4B8D-839E-504CE1851A6C}"
EndProject
Project("{FAE04EC0-301F-11D3-BF4B-00C04F79EFBC}") = "Tyuiu.RadchenkoAV.Sprint5.Task0.V2.Lib", "Tyuiu.RadchenkoAV.Sprint5.Task0.V2.Lib\Tyuiu.RadchenkoAV.Sprint5.Task0.V2.Lib.csproj", "{AA438A18-D12C-4E2F-AA46-0EC767C7D613}"
EndProject
Project("{FAE04EC0-301F-11D3-BF4B-00C04F79EFBC}") = "Tyuiu.RadchenkoAV.Sprint5.Task0.V2.Test", "Tyuiu.RadchenkoAV.Sprint5.Task0.V2.Test\Tyuiu.RadchenkoAV.Sprint5.Task0.V2.Test.csproj", "{741E242C-B086-4F20-817B-B1D462C3D3A8}"
EndProject
Project("{2150E333-8FDC-42A3-9474-1A3956D46DE8}") = "Task1", "Task1", "{FBB638BA-4AE2-459B-9F0D-22E1C8A29CDE}"
EndProject
Project("{FAE04EC0-301F-11D3-BF4B-00C04F79EFBC}") = "Tyuiu.RadchenkoAV.Sprint5.Task1.V26", "Tyuiu.RadchenkoAV.Sprint5.Task1.V26\Tyuiu.RadchenkoAV.Sprint5.Task1.V26.csproj", "{2CEECEEA-F26E-4CDF-A11B-3093D52E4F7C}"
EndProject
Project("{FAE04EC0-301F-11D3-BF4B-00C04F79EFBC}") = "Tyuiu.RadchenkoAV.Sprint5.Task1.V26.Lib", "Tyuiu.RadchenkoAV.Sprint5.Task1.V26.Lib\Tyuiu.RadchenkoAV.Sprint5.Task1.V26.Lib.csproj", "{6240F433-870D-480C-82B7-3B5026A5F674}"
EndProject
Project("{FAE04EC0-301F-11D3-BF4B-00C04F79EFBC}") = "Tyuiu.RadchenkoAV.Sprint5.Task1.V26.Test", "Tyuiu.RadchenkoAV.Sprint5.Task1.V26.Test\Tyuiu.RadchenkoAV.Sprint5.Task1.V26.Test.csproj", "{211F6BAC-930D-48C6-A83B-AFB75E8B26D2}"
EndProject
Project("{2150E333-8FDC-42A3-9474-1A3956D46DE8}") = "Task2", "Task2", "{1F0299B2-7719-417D-B587-3A7363AF0FFB}"
EndProject
Project("{FAE04EC0-301F-11D3-BF4B-00C04F79EFBC}") = "Tyuiu.RadchenkoAV.Sprint5.Task2.V2", "Tyuiu.RadchenkoAV.Sprint5.Task2.V2\Tyuiu.RadchenkoAV.Sprint5.Task2.V2.csproj", "{1FE2AA61-A8BD-48D5-A342-A8B8D5BD9EAD}"
EndProject
Project("{FAE04EC0-301F-11D3-BF4B-00C04F79EFBC}") = "Tyuiu.RadchenkoAV.Sprint5.Task2.V2.Lib", "Tyuiu.RadchenkoAV.Sprint5.Task2.V2.Lib\Tyuiu.RadchenkoAV.Sprint5.Task2.V2.Lib.csproj", "{6E9D5DF8-294F-4145-9E84-16165990912E}"
EndProject
Project("{FAE04EC0-301F-11D3-BF4B-00C04F79EFBC}") = "Tyuiu.RadchenkoAV.Sprint5.Task2.V2.Test", "Tyuiu.RadchenkoAV.Sprint5.Task2.V2.Test\Tyuiu.RadchenkoAV.Sprint5.Task2.V2.Test.csproj", "{03C8043B-8BD0-4FAF-B479-54A5802CD66B}"
EndProject
Project("{2150E333-8FDC-42A3-9474-1A3956D46DE8}") = "Task3", "Task3", "{DACAC0DE-BA62-4E54-9F6E-9F4A07B83057}"
EndProject
Project("{FAE04EC0-301F-11D3-BF4B-00C04F79EFBC}") = "Tyuiu.RadchenkoAV.Sprint5.Task3.V11", "Tyuiu.RadchenkoAV.Sprint5.Task3.V11\Tyuiu.RadchenkoAV.Sprint5.Task3.V11.csproj", "{87259AE1-39A5-459E-A19C-084B9327192A}"
EndProject
Project("{FAE04EC0-301F-11D3-BF4B-00C04F79EFBC}") = "Tyuiu.RadchenkoAV.Sprint5.Task3.V11.Lib", "Tyuiu.RadchenkoAV.Sprint5.Task3.V11.Lib\Tyuiu.RadchenkoAV.Sprint5.Task3.V11.Lib.csproj", "{2F9372AC-F887-41CC-AA63-BA70BE2EDD7E}"
EndProject
Project("{FAE04EC0-301F-11D3-BF4B-00C04F79EFBC}") = "Tyuiu.RadchenkoAV.Sprint5.Task3.V11.Test", "Tyuiu.RadchenkoAV.Sprint5.Task3.V11.Test\Tyuiu.RadchenkoAV.Sprint5.Task3.V11.Test.csproj", "{5C0B8953-3EE0-4677-BB82-147274EF2800}"
EndProject
Project("{2150E333-8FDC-42A3-9474-1A3956D46DE8}") = "Task4", "Task4", "{CD89080E-417F-4D47-981B-F89C63F3B8C0}"
EndProject
Project("{FAE04EC0-301F-11D3-BF4B-00C04F79EFBC}") = "Tyuiu.RadchenkoAV.Sprint5.Task4.V28", "Tyuiu.RadchenkoAV.Sprint5.Task4.V28\Tyuiu.RadchenkoAV.Sprint5.Task4.V28.csproj", "{FE2519DE-9014-4FA2-B65B-BBD230A838D8}"
EndProject
Project("{FAE04EC0-301F-11D3-BF4B-00C04F79EFBC}") = "Tyuiu.RadchenkoAV.Sprint5.Task4.V28.Lib", "Tyuiu.RadchenkoAV.Sprint5.Task4.V28.Lib\Tyuiu.RadchenkoAV.Sprint5.Task4.V28.Lib.csproj", "{B53FB985-6ED9-4319-9D23-AE3E7277004B}"
EndProject
Project("{FAE04EC0-301F-11D3-BF4B-00C04F79EFBC}") = "Tyuiu.RadchenkoAV.Sprint5.Task4.V28.Test", "Tyuiu.RadchenkoAV.Sprint5.Task4.V28.Test\Tyuiu.RadchenkoAV.Sprint5.Task4.V28.Test.csproj", "{5178C674-58BD-451E-900B-13EE93734241}"
EndProject
Project("{2150E333-8FDC-42A3-9474-1A3956D46DE8}") = "Task6", "Task6", "{CF532363-5E5A-404A-87D3-1E319F48114B}"
EndProject
Project("{FAE04EC0-301F-11D3-BF4B-00C04F79EFBC}") = "Tyuiu.RadchenkoAV.Sprint5.Task6.V13", "Tyuiu.RadchenkoAV.Sprint5.Task6.V13\Tyuiu.RadchenkoAV.Sprint5.Task6.V13.csproj", "{F984A916-D86F-419F-B19A-55CF24A07628}"
EndProject
Project("{FAE04EC0-301F-11D3-BF4B-00C04F79EFBC}") = "Tyuiu.RadchenkoAV.Sprint5.Task6.V13.Lib", "Tyuiu.RadchenkoAV.Sprint5.Task6.V13.Lib\Tyuiu.RadchenkoAV.Sprint5.Task6.V13.Lib.csproj", "{9E419C38-89E1-481D-984D-4F860AD71A58}"
EndProject
Project("{FAE04EC0-301F-11D3-BF4B-00C04F79EFBC}") = "Tyuiu.RadchenkoAV.Sprint5.Task6.V13.Test", "Tyuiu.RadchenkoAV.Sprint5.Task6.V13.Test\Tyuiu.RadchenkoAV.Sprint5.Task6.V13.Test.csproj", "{E06FF1B7-8E9E-4D78-845A-30C5118E8FBE}"
EndProject
Project("{2150E333-8FDC-42A3-9474-1A3956D46DE8}") = "Task5", "Task5", "{C7F7BFCB-B82B-4E59-A650-BDC176AA4D8D}"
EndProject
Project("{FAE04EC0-301F-11D3-BF4B-00C04F79EFBC}") = "Tyuiu.RadchenkoAV.Sprint5.Task5.V9", "Tyuiu.RadchenkoAV.Sprint5.Task5.V9\Tyuiu.RadchenkoAV.Sprint5.Task5.V9.csproj", "{F7B8176A-27A9-4B25-B101-8FB3439DA0B0}"
EndProject
Project("{FAE04EC0-301F-11D3-BF4B-00C04F79EFBC}") = "Tyuiu.RadchenkoAV.Sprint5.Task5.V9.Lib", "Tyuiu.RadchenkoAV.Sprint5.Task5.V9.Lib\Tyuiu.RadchenkoAV.Sprint5.Task5.V9.Lib.csproj", "{3096698F-0369-49C9-9A49-86B028435E47}"
EndProject
Project("{FAE04EC0-301F-11D3-BF4B-00C04F79EFBC}") = "Tyuiu.RadchenkoAV.Sprint5.Task5.V9.Test", "Tyuiu.RadchenkoAV.Sprint5.Task5.V9.Test\Tyuiu.RadchenkoAV.Sprint5.Task5.V9.Test.csproj", "{65F2C4B9-6DB3-48DE-A468-12A0BAFA66D5}"
EndProject
Project("{2150E333-8FDC-42A3-9474-1A3956D46DE8}") = "Task7", "Task7", "{9C8CEEB4-96BB-4E1E-A485-E870FBC6D674}"
EndProject
Project("{FAE04EC0-301F-11D3-BF4B-00C04F79EFBC}") = "Tyuiu.RadchenkoAV.Sprint5.Task7.V22", "Tyuiu.RadchenkoAV.Sprint5.Task7.V22\Tyuiu.RadchenkoAV.Sprint5.Task7.V22.csproj", "{62A22A6F-D239-4AB7-8E4F-D3C916BFBDE8}"
EndProject
Project("{FAE04EC0-301F-11D3-BF4B-00C04F79EFBC}") = "Tyuiu.RadchenkoAV.Sprint5.Task7.V22.Lib", "Tyuiu.RadchenkoAV.Sprint5.Task7.V22.Lib\Tyuiu.RadchenkoAV.Sprint5.Task7.V22.Lib.csproj", "{3F43D318-FB6C-42F6-8C02-F608C42835FE}"
EndProject
Project("{FAE04EC0-301F-11D3-BF4B-00C04F79EFBC}") = "Tyuiu.RadchenkoAV.Sprint5.Task7.V22.Test", "Tyuiu.RadchenkoAV.Sprint5.Task7.V22.Test\Tyuiu.RadchenkoAV.Sprint5.Task7.V22.Test.csproj", "{A4D5028B-9B5C-4699-AFC8-0F7FB4B0A2CE}"
EndProject
Global
	GlobalSection(SolutionConfigurationPlatforms) = preSolution
		Debug|Any CPU = Debug|Any CPU
		Release|Any CPU = Release|Any CPU
	EndGlobalSection
	GlobalSection(ProjectConfigurationPlatforms) = postSolution
		{094FF5FC-5928-4B8D-839E-504CE1851A6C}.Debug|Any CPU.ActiveCfg = Debug|Any CPU
		{094FF5FC-5928-4B8D-839E-504CE1851A6C}.Debug|Any CPU.Build.0 = Debug|Any CPU
		{094FF5FC-5928-4B8D-839E-504CE1851A6C}.Release|Any CPU.ActiveCfg = Release|Any CPU
		{094FF5FC-5928-4B8D-839E-504CE1851A6C}.Release|Any CPU.Build.0 = Release|Any CPU
		{AA438A18-D12C-4E2F-AA46-0EC767C7D613}.Debug|Any CPU.ActiveCfg = Debug|Any CPU
		{AA438A18-D12C-4E2F-AA46-0EC767C7D613}.Debug|Any CPU.Build.0 = Debug|Any CPU
		{AA438A18-D12C-4E2F-AA46-0EC767C7D613}.Release|Any CPU.ActiveCfg = Release|Any CPU
		{AA438A18-D12C-4E2F-AA46-0EC767C7D613}.Release|Any CPU.Build.0 = Release|Any CPU
		{741E242C-B086-4F20-817B-B1D462C3D3A8}.Debug|Any CPU.ActiveCfg = Debug|Any CPU
		{741E242C-B086-4F20-817B-B1D462C3D3A8}.Debug|Any CPU.Build.0 = Debug|Any CPU
		{741E242C-B086-4F20-817B-B1D462C3D3A8}.Release|Any CPU.ActiveCfg = Release|Any CPU
		{741E242C-B086-4F20-817B-B1D462C3D3A8}.Release|Any CPU.Build.0 = Release|Any CPU
		{2CEECEEA-F26E-4CDF-A11B-3093D52E4F7C}.Debug|Any CPU.ActiveCfg = Debug|Any CPU
		{2CEECEEA-F26E-4CDF-A11B-3093D52E4F7C}.Debug|Any CPU.Build.0 = Debug|Any CPU
		{2CEECEEA-F26E-4CDF-A11B-3093D52E4F7C}.Release|Any CPU.ActiveCfg = Release|Any CPU
		{2CEECEEA-F26E-4CDF-A11B-3093D52E4F7C}.Release|Any CPU.Build.0 = Release|Any CPU
		{6240F433-870D-480C-82B7-3B5026A5F674}.Debug|Any CPU.ActiveCfg = Debug|Any CPU
		{6240F433-870D-480C-82B7-3B5026A5F674}.Debug|Any CPU.Build.0 = Debug|Any CPU
		{6240F433-870D-480C-82B7-3B5026A5F674}.Release|Any CPU.ActiveCfg = Release|Any CPU
		{6240F433-870D-480C-82B7-3B5026A5F674}.Release|Any CPU.Build.0 = Release|Any CPU
		{211F6BAC-930D-48C6-A83B-AFB75E8B26D2}.Debug|Any CPU.ActiveCfg = Debug|Any CPU
		{211F6BAC-930D-48C6-A83B-AFB75E8B26D2}.Debug|Any CPU.Build.0 = Debug|Any CPU
		{211F6BAC-930D-48C6-A83B-AFB75E8B26D2}.Release|Any CPU.ActiveCfg = Release|Any CPU
		{211F6BAC-930D-48C6-A83B-AFB75E8B26D2}.Release|Any CPU.Build.0 = Release|Any CPU
		{1FE2AA61-A8BD-48D5-A342-A8B8D5BD9EAD}.Debug|Any CPU.ActiveCfg = Debug|Any CPU
		{1FE2AA61-A8BD-48D5-A342-A8B8D5BD9EAD}.Debug|Any CPU.Build.0 = Debug|Any CPU
		{1FE2AA61-A8BD-48D5-A342-A8B8D5BD9EAD}.Release|Any CPU.ActiveCfg = Release|Any CPU
		{1FE2AA61-A8BD-48D5-A342-A8B8D5BD9EAD}.Release|Any CPU.Build.0 = Release|Any CPU
		{6E9D5DF8-294F-4145-9E84-16165990912E}.Debug|Any CPU.ActiveCfg = Debug|Any CPU
		{6E9D5DF8-294F-4145-9E84-16165990912E}.Debug|Any CPU.Build.0 = Debug|Any CPU
		{6E9D5DF8-294F-4145-9E84-16165990912E}.Release|Any CPU.ActiveCfg = Release|Any CPU
		{6E9D5DF8-294F-4145-9E84-16165990912E}.Release|Any CPU.Build.0 = Release|Any CPU
		{03C8043B-8BD0-4FAF-B479-54A5802CD66B}.Debug|Any CPU.ActiveCfg = Debug|Any CPU
		{03C8043B-8BD0-4FAF-B479-54A5802CD66B}.Debug|Any CPU.Build.0 = Debug|Any CPU
		{03C8043B-8BD0-4FAF-B479-54A5802CD66B}.Release|Any CPU.ActiveCfg = Release|Any CPU
		{03C8043B-8BD0-4FAF-B479-54A5802CD66B}.Release|Any CPU.Build.0 = Release|Any CPU
		{87259AE1-39A5-459E-A19C-084B9327192A}.Debug|Any CPU.ActiveCfg = Debug|Any CPU
		{87259AE1-39A5-459E-A19C-084B9327192A}.Debug|Any CPU.Build.0 = Debug|Any CPU
		{87259AE1-39A5-459E-A19C-084B9327192A}.Release|Any CPU.ActiveCfg = Release|Any CPU
		{87259AE1-39A5-459E-A19C-084B9327192A}.Release|Any CPU.Build.0 = Release|Any CPU
		{2F9372AC-F887-41CC-AA63-BA70BE2EDD7E}.Debug|Any CPU.ActiveCfg = Debug|Any CPU
		{2F9372AC-F887-41CC-AA63-BA70BE2EDD7E}.Debug|Any CPU.Build.0 = Debug|Any CPU
		{2F9372AC-F887-41CC-AA63-BA70BE2EDD7E}.Release|Any CPU.ActiveCfg = Release|Any CPU
		{2F9372AC-F887-41CC-AA63-BA70BE2EDD7E}.Release|Any CPU.Build.0 = Release|Any CPU
		{5C0B8953-3EE0-4677-BB82-147274EF2800}.Debug|Any CPU.ActiveCfg = Debug|Any CPU
		{5C0B8953-3EE0-4677-BB82-147274EF2800}.Debug|Any CPU.Build.0 = Debug|Any CPU
		{5C0B8953-3EE0-4677-BB82-147274EF2800}.Release|Any CPU.ActiveCfg = Release|Any CPU
		{5C0B8953-3EE0-4677-BB82-147274EF2800}.Release|Any CPU.Build.0 = Release|Any CPU
		{FE2519DE-9014-4FA2-B65B-BBD230A838D8}.Debug|Any CPU.ActiveCfg = Debug|Any CPU
		{FE2519DE-9014-4FA2-B65B-BBD230A838D8}.Debug|Any CPU.Build.0 = Debug|Any CPU
		{FE2519DE-9014-4FA2-B65B-BBD230A838D8}.Release|Any CPU.ActiveCfg = Release|Any CPU
		{FE2519DE-9014-4FA2-B65B-BBD230A838D8}.Release|Any CPU.Build.0 = Release|Any CPU
		{B53FB985-6ED9-4319-9D23-AE3E7277004B}.Debug|Any CPU.ActiveCfg = Debug|Any CPU
		{B53FB985-6ED9-4319-9D23-AE3E7277004B}.Debug|Any CPU.Build.0 = Debug|Any CPU
		{B53FB985-6ED9-4319-9D23-AE3E7277004B}.Release|Any CPU.ActiveCfg = Release|Any CPU
		{B53FB985-6ED9-4319-9D23-AE3E7277004B}.Release|Any CPU.Build.0 = Release|Any CPU
		{5178C674-58BD-451E-900B-13EE93734241}.Debug|Any CPU.ActiveCfg = Debug|Any CPU
		{5178C674-58BD-451E-900B-13EE93734241}.Debug|Any CPU.Build.0 = Debug|Any CPU
		{5178C674-58BD-451E-900B-13EE93734241}.Release|Any CPU.ActiveCfg = Release|Any CPU
		{5178C674-58BD-451E-900B-13EE93734241}.Release|Any CPU.Build.0 = Release|Any CPU
		{F984A916-D86F-419F-B19A-55CF24A07628}.Debug|Any CPU.ActiveCfg = Debug|Any CPU
		{F984A916-D86F-419F-B19A-55CF24A07628}.Debug|Any CPU.Build.0 = Debug|Any CPU
		{F984A916-D86F-419F-B19A-55CF24A07628}.Release|Any CPU.ActiveCfg = Release|Any CPU
		{F984A916-D86F-419F-B19A-55CF24A07628}.Release|Any CPU.Build.0 = Release|Any CPU
		{9E419C38-89E1-481D-984D-4F860AD71A58}.Debug|Any CPU.ActiveCfg = Debug|Any CPU
		{9E419C38-89E1-481D-984D-4F860AD71A58}.Debug|Any CPU.Build.0 = Debug|Any CPU
		{9E419C38-89E1-481D-984D-4F860AD71A58}.Release|Any CPU.ActiveCfg = Release|Any CPU
		{9E419C38-89E1-481D-984D-4F860AD71A58}.Release|Any CPU.Build.0 = Release|Any CPU
		{E06FF1B7-8E9E-4D78-845A-30C5118E8FBE}.Debug|Any CPU.ActiveCfg = Debug|Any CPU
		{E06FF1B7-8E9E-4D78-845A-30C5118E8FBE}.Debug|Any CPU.Build.0 = Debug|Any CPU
		{E06FF1B7-8E9E-4D78-845A-30C5118E8FBE}.Release|Any CPU.ActiveCfg = Release|Any CPU
		{E06FF1B7-8E9E-4D78-845A-30C5118E8FBE}.Release|Any CPU.Build.0 = Release|Any CPU
		{F7B8176A-27A9-4B25-B101-8FB3439DA0B0}.Debug|Any CPU.ActiveCfg = Debug|Any CPU
		{F7B8176A-27A9-4B25-B101-8FB3439DA0B0}.Debug|Any CPU.Build.0 = Debug|Any CPU
		{F7B8176A-27A9-4B25-B101-8FB3439DA0B0}.Release|Any CPU.ActiveCfg = Release|Any CPU
		{F7B8176A-27A9-4B25-B101-8FB3439DA0B0}.Release|Any CPU.Build.0 = Release|Any CPU
		{3096698F-0369-49C9-9A49-86B028435E47}.Debug|Any CPU.ActiveCfg = Debug|Any CPU
		{3096698F-0369-49C9-9A49-86B028435E47}.Debug|Any CPU.Build.0 = Debug|Any CPU
		{3096698F-0369-49C9-9A49-86B028435E47}.Release|Any CPU.ActiveCfg = Release|Any CPU
		{3096698F-0369-49C9-9A49-86B028435E47}.Release|Any CPU.Build.0 = Release|Any CPU
		{65F2C4B9-6DB3-48DE-A468-12A0BAFA66D5}.Debug|Any CPU.ActiveCfg = Debug|Any CPU
		{65F2C4B9-6DB3-48DE-A468-12A0BAFA66D5}.Debug|Any CPU.Build.0 = Debug|Any CPU
		{65F2C4B9-6DB3-48DE-A468-12A0BAFA66D5}.Release|Any CPU.ActiveCfg = Release|Any CPU
		{65F2C4B9-6DB3-48DE-A468-12A0BAFA66D5}.Release|Any CPU.Build.0 = Release|Any CPU
		{62A22A6F-D239-4AB7-8E4F-D3C916BFBDE8}.Debug|Any CPU.ActiveCfg = Debug|Any CPU
		{62A22A6F-D239-4AB7-8E4F-D3C916BFBDE8}.Debug|Any CPU.Build.0 = Debug|Any CPU
		{62A22A6F-D239-4AB7-8E4F-D3C916BFBDE8}.Release|Any CPU.ActiveCfg = Release|Any CPU
		{62A22A6F-D239-4AB7-8E4F-D3C916BFBDE8}.Release|Any CPU.Build.0 = Release|Any CPU
		{3F43D318-FB6C-42F6-8C02-F608C42835FE}.Debug|Any CPU.ActiveCfg = Debug|Any CPU
		{3F43D318-FB6C-42F6-8C02-F608C42835FE}.Debug|Any CPU.Build.0 = Debug|Any CPU
		{3F43D318-FB6C-42F6-8C02-F608C42835FE}.Release|Any CPU.ActiveCfg = Release|Any CPU
		{3F43D318-FB6C-42F6-8C02-F608C42835FE}.Release|Any CPU.Build.0 = Release|Any CPU
		{A4D5028B-9B5C-4699-AFC8-0F7FB4B0A2CE}.Debug|Any CPU.ActiveCfg = Debug|Any CPU
		{A4D5028B-9B5C-4699-AFC8-0F7FB4B0A2CE}.Debug|Any CPU.Build.0 = Debug|Any CPU
		{A4D5028B-9B5C-4699-AFC8-0F7FB4B0A2CE}.Release|Any CPU.ActiveCfg = Release|Any CPU
		{A4D5028B-9B5C-4699-AFC8-0F7FB4B0A2CE}.Release|Any CPU.Build.0 = Release|Any CPU
	EndGlobalSection
	GlobalSection(SolutionProperties) = preSolution
		HideSolutionNode = FALSE
	EndGlobalSection
	GlobalSection(NestedProjects) = preSolution
		{094FF5FC-5928-4B8D-839E-504CE1851A6C} = {02EA681E-C7D8-13C7-8484-4AC65E1B71E8}
		{AA438A18-D12C-4E2F-AA46-0EC767C7D613} = {02EA681E-C7D8-13C7-8484-4AC65E1B71E8}
		{741E242C-B086-4F20-817B-B1D462C3D3A8} = {02EA681E-C7D8-13C7-8484-4AC65E1B71E8}
		{2CEECEEA-F26E-4CDF-A11B-3093D52E4F7C} = {FBB638BA-4AE2-459B-9F0D-22E1C8A29CDE}
		{6240F433-870D-480C-82B7-3B5026A5F674} = {FBB638BA-4AE2-459B-9F0D-22E1C8A29CDE}
		{211F6BAC-930D-48C6-A83B-AFB75E8B26D2} = {FBB638BA-4AE2-459B-9F0D-22E1C8A29CDE}
		{1FE2AA61-A8BD-48D5-A342-A8B8D5BD9EAD} = {1F0299B2-7719-417D-B587-3A7363AF0FFB}
		{6E9D5DF8-294F-4145-9E84-16165990912E} = {1F0299B2-7719-417D-B587-3A7363AF0FFB}
		{03C8043B-8BD0-4FAF-B479-54A5802CD66B} = {1F0299B2-7719-417D-B587-3A7363AF0FFB}
		{87259AE1-39A5-459E-A19C-084B9327192A} = {DACAC0DE-BA62-4E54-9F6E-9F4A07B83057}
		{2F9372AC-F887-41CC-AA63-BA70BE2EDD7E} = {DACAC0DE-BA62-4E54-9F6E-9F4A07B83057}
		{5C0B8953-3EE0-4677-BB82-147274EF2800} = {DACAC0DE-BA62-4E54-9F6E-9F4A07B83057}
		{FE2519DE-9014-4FA2-B65B-BBD230A838D8} = {CD89080E-417F-4D47-981B-F89C63F3B8C0}
		{B53FB985-6ED9-4319-9D23-AE3E7277004B} = {CD89080E-417F-4D47-981B-F89C63F3B8C0}
		{5178C674-58BD-451E-900B-13EE93734241} = {CD89080E-417F-4D47-981B-F89C63F3B8C0}
		{F984A916-D86F-419F-B19A-55CF24A07628} = {CF532363-5E5A-404A-87D3-1E319F48114B}
		{9E419C38-89E1-481D-984D-4F860AD71A58} = {CF532363-5E5A-404A-87D3-1E319F48114B}
		{E06FF1B7-8E9E-4D78-845A-30C5118E8FBE} = {CF532363-5E5A-404A-87D3-1E319F48114B}
		{F7B8176A-27A9-4B25-B101-8FB3439DA0B0} = {C7F7BFCB-B82B-4E59-A650-BDC176AA4D8D}
		{3096698F-0369-49C9-9A49-86B028435E47} = {C7F7BFCB-B82B-4E59-A650-BDC176AA4D8D}
		{65F2C4B9-6DB3-48DE-A468-12A0BAFA66D5} = {C7F7BFCB-B82B-4E59-A650-BDC176AA4D8D}
		{62A22A6F-D239-4AB7-8E4F-D3C916BFBDE8} = {9C8CEEB4-96BB-4E1E-A485-E870FBC6D674}
		{3F43D318-FB6C-42F6-8C02-F608C42835FE} = {9C8CEEB4-96BB-4E1E-A485-E870FBC6D674}
		{A4D5028B-9B5C-4699-AFC8-0F7FB4B0A2CE} = {9C8CEEB4-96BB-4E1E-A485-E870FBC6D674}
	EndGlobalSection
	GlobalSection(ExtensibilityGlobals) = postSolution
		SolutionGuid = {1B9450C9-F6D2-401F-9DEC-B65DDE2A0996}
	EndGlobalSection
EndGlobal
